{
  "originHash" : "533de208f7207fdd36b99a2f0036707fca012c23defe0e4e99a820106aff336d",
  "pins" : [
    {
      "identity" : "purchases-ios-spm",
      "kind" : "remoteSourceControl",
      "location" : "https://github.com/RevenueCat/purchases-ios-spm.git",
      "state" : {
        "revision" : "a2f3468be441db3a49f9353d6f4ee86d94cecf19",
        "version" : "5.51.0"
      }
    }
  ],
  "version" : 3
}
